
Microsoft Visual Studio Solution File, Format Version 12.00
# Visual Studio 15
VisualStudioVersion = 15.0.27703.2026
MinimumVisualStudioVersion = 10.0.40219.1
Project("{FAE04EC0-301F-11D3-BF4B-00C04F79EFBC}") = "WindowsFormsApp1", "WindowsFormsApp1\WindowsFormsApp1.csproj", "{E1BA1C38-E379-416D-8A92-C50215AEA00A}"
EndProject
Global
	GlobalSection(SolutionConfigurationPlatforms) = preSolution
		Debug|Any CPU = Debug|Any CPU
		Release|Any CPU = Release|Any CPU
	EndGlobalSection
	GlobalSection(ProjectConfigurationPlatforms) = postSolution
		{E1BA1C38-E379-416D-8A92-C50215AEA00A}.Debug|Any CPU.ActiveCfg = Debug|Any CPU
		{E1BA1C38-E379-416D-8A92-C50215AEA00A}.Debug|Any CPU.Build.0 = Debug|Any CPU
		{E1BA1C38-E379-416D-8A92-C50215AEA00A}.Release|Any CPU.ActiveCfg = Release|Any CPU
		{E1BA1C38-E379-416D-8A92-C50215AEA00A}.Release|Any CPU.Build.0 = Release|Any CPU
	EndGlobalSection
	GlobalSection(SolutionProperties) = preSolution
		HideSolutionNode = FALSE
	EndGlobalSection
	GlobalSection(ExtensibilityGlobals) = postSolution
		SolutionGuid = {4F168285-C45D-45D2-BF7D-06D08AA862D2}
	EndGlobalSection
EndGlobal
